
Microsoft Visual Studio Solution File, Format Version 12.00
# Visual Studio Version 17
VisualStudioVersion = 17.6.33829.357
MinimumVisualStudioVersion = 10.0.40219.1
Project("{FAE04EC0-301F-11D3-BF4B-00C04F79EFBC}") = "Task_Project(CRUD)", "Task_Project(CRUD).csproj", "{FCC636CA-55A1-478F-BF75-06F280FB69A1}"
EndProject
Global
	GlobalSection(SolutionConfigurationPlatforms) = preSolution
		Debug|Any CPU = Debug|Any CPU
		Release|Any CPU = Release|Any CPU
	EndGlobalSection
	GlobalSection(ProjectConfigurationPlatforms) = postSolution
		{FCC636CA-55A1-478F-BF75-06F280FB69A1}.Debug|Any CPU.ActiveCfg = Debug|Any CPU
		{FCC636CA-55A1-478F-BF75-06F280FB69A1}.Debug|Any CPU.Build.0 = Debug|Any CPU
		{FCC636CA-55A1-478F-BF75-06F280FB69A1}.Release|Any CPU.ActiveCfg = Release|Any CPU
		{FCC636CA-55A1-478F-BF75-06F280FB69A1}.Release|Any CPU.Build.0 = Release|Any CPU
	EndGlobalSection
	GlobalSection(SolutionProperties) = preSolution
		HideSolutionNode = FALSE
	EndGlobalSection
	GlobalSection(ExtensibilityGlobals) = postSolution
		SolutionGuid = {9D8B9494-D999-478C-AF67-6AB774F10E5D}
	EndGlobalSection
EndGlobal
